// !$*UTF8*$!
{
	archiveVersion = 1;
	classes = {
	};
	objectVersion = 48;
	objects = {

/* Begin PBXBuildFile section */
		334BF6AE1FAA93830086AB6A /* AppDelegate.swift in Sources */ = {isa = PBXBuildFile; fileRef = 334BF6AD1FAA93830086AB6A /* AppDelegate.swift */; };
		334BF6B01FAA93830086AB6A /* ViewController.swift in Sources */ = {isa = PBXBuildFile; fileRef = 334BF6AF1FAA93830086AB6A /* ViewController.swift */; };
		334BF6B31FAA93830086AB6A /* Main.storyboard in Resources */ = {isa = PBXBuildFile; fileRef = 334BF6B11FAA93830086AB6A /* Main.storyboard */; };
		334BF6B51FAA93830086AB6A /* Assets.xcassets in Resources */ = {isa = PBXBuildFile; fileRef = 334BF6B41FAA93830086AB6A /* Assets.xcassets */; };
		334BF6B81FAA93830086AB6A /* LaunchScreen.storyboard in Resources */ = {isa = PBXBuildFile; fileRef = 334BF6B61FAA93830086AB6A /* LaunchScreen.storyboard */; };
		334BF6C31FAA93830086AB6A /* TTTTests.swift in Sources */ = {isa = PBXBuildFile; fileRef = 334BF6C21FAA93830086AB6A /* TTTTests.swift */; };
		334BF6CE1FAA93830086AB6A /* TTTUITests.swift in Sources */ = {isa = PBXBuildFile; fileRef = 334BF6CD1FAA93830086AB6A /* TTTUITests.swift */; };
/* End PBXBuildFile section */

/* Begin PBXContainerItemProxy section */
		334BF6BF1FAA93830086AB6A /* PBXContainerItemProxy */ = {
			isa = PBXContainerItemProxy;
			containerPortal = 334BF6A21FAA93830086AB6A /* Project object */;
			proxyType = 1;
			remoteGlobalIDString = 334BF6A91FAA93830086AB6A;
			remoteInfo = TTT;
		};
		334BF6CA1FAA93830086AB6A /* PBXContainerItemProxy */ = {
			isa = PBXContainerItemProxy;
			containerPortal = 334BF6A21FAA93830086AB6A /* Project object */;
			proxyType = 1;
			remoteGlobalIDString = 334BF6A91FAA93830086AB6A;
			remoteInfo = TTT;
		};
/* End PBXContainerItemProxy section */

/* Begin PBXFileReference section */
		334BF6AA1FAA93830086AB6A /* TTT.app */ = {isa = PBXFileReference; explicitFileType = wrapper.application; includeInIndex = 0; path = TTT.app; sourceTree = BUILT_PRODUCTS_DIR; };
		334BF6AD1FAA93830086AB6A /* AppDelegate.swift */ = {isa = PBXFileReference; lastKnownFileType = sourcecode.swift; path = AppDelegate.swift; sourceTree = "<group>"; };
		334BF6AF1FAA93830086AB6A /* ViewController.swift */ = {isa = PBXFileReference; lastKnownFileType = sourcecode.swift; path = ViewController.swift; sourceTree = "<group>"; };
		334BF6B21FAA93830086AB6A /* Base */ = {isa = PBXFileReference; lastKnownFileType = file.storyboard; name = Base; path = Base.lproj/Main.storyboard; sourceTree = "<group>"; };
		334BF6B41FAA93830086AB6A /* Assets.xcassets */ = {isa = PBXFileReference; lastKnownFileType = folder.assetcatalog; path = Assets.xcassets; sourceTree = "<group>"; };
		334BF6B71FAA93830086AB6A /* Base */ = {isa = PBXFileReference; lastKnownFileType = file.storyboard; name = Base; path = Base.lproj/LaunchScreen.storyboard; sourceTree = "<group>"; };
		334BF6B91FAA93830086AB6A /* Info.plist */ = {isa = PBXFileReference; lastKnownFileType = text.plist.xml; path = Info.plist; sourceTree = "<group>"; };
		334BF6BE1FAA93830086AB6A /* TTTTests.xctest */ = {isa = PBXFileReference; explicitFileType = wrapper.cfbundle; includeInIndex = 0; path = TTTTests.xctest; sourceTree = BUILT_PRODUCTS_DIR; };
		334BF6C21FAA93830086AB6A /* TTTTests.swift */ = {isa = PBXFileReference; lastKnownFileType = sourcecode.swift; path = TTTTests.swift; sourceTree = "<group>"; };
		334BF6C41FAA93830086AB6A /* Info.plist */ = {isa = PBXFileReference; lastKnownFileType = text.plist.xml; path = Info.plist; sourceTree = "<group>"; };
		334BF6C91FAA93830086AB6A /* TTTUITests.xctest */ = {isa = PBXFileReference; explicitFileType = wrapper.cfbundle; includeInIndex = 0; path = TTTUITests.xctest; sourceTree = BUILT_PRODUCTS_DIR; };
		334BF6CD1FAA93830086AB6A /* TTTUITests.swift */ = {isa = PBXFileReference; lastKnownFileType = sourcecode.swift; path = TTTUITests.swift; sourceTree = "<group>"; };
		334BF6CF1FAA93830086AB6A /* Info.plist */ = {isa = PBXFileReference; lastKnownFileType = text.plist.xml; path = Info.plist; sourceTree = "<group>"; };
/* End PBXFileReference section */

/* Begin PBXFrameworksBuildPhase section */
		334BF6A71FAA93830086AB6A /* Frameworks */ = {
			isa = PBXFrameworksBuildPhase;
			buildActionMask = 2147483647;
			files = (
			);
			runOnlyForDeploymentPostprocessing = 0;
		};
		334BF6BB1FAA93830086AB6A /* Frameworks */ = {
			isa = PBXFrameworksBuildPhase;
			buildActionMask = 2147483647;
			files = (
			);
			runOnlyForDeploymentPostprocessing = 0;
		};
		334BF6C61FAA93830086AB6A /* Frameworks */ = {
			isa = PBXFrameworksBuildPhase;
			buildActionMask = 2147483647;
			files = (
			);
			runOnlyForDeploymentPostprocessing = 0;
		};
/* End PBXFrameworksBuildPhase section */

/* Begin PBXGroup section */
		334BF6A11FAA93830086AB6A = {
			isa = PBXGroup;
			children = (
				334BF6AC1FAA93830086AB6A /* TTT */,
				334BF6C11FAA93830086AB6A /* TTTTests */,
				334BF6CC1FAA93830086AB6A /* TTTUITests */,
				334BF6AB1FAA93830086AB6A /* Products */,
			);
			sourceTree = "<group>";
		};
		334BF6AB1FAA93830086AB6A /* Products */ = {
			isa = PBXGroup;
			children = (
				334BF6AA1FAA93830086AB6A /* TTT.app */,
				334BF6BE1FAA93830086AB6A /* TTTTests.xctest */,
				334BF6C91FAA93830086AB6A /* TTTUITests.xctest */,
			);
			name = Products;
			sourceTree = "<group>";
		};
		334BF6AC1FAA93830086AB6A /* TTT */ = {
			isa = PBXGroup;
			children = (
				334BF6AD1FAA93830086AB6A /* AppDelegate.swift */,
				334BF6AF1FAA93830086AB6A /* ViewController.swift */,
				334BF6B11FAA93830086AB6A /* Main.storyboard */,
				334BF6B41FAA93830086AB6A /* Assets.xcassets */,
				334BF6B61FAA93830086AB6A /* LaunchScreen.storyboard */,
				334BF6B91FAA93830086AB6A /* Info.plist */,
			);
			path = TTT;
			sourceTree = "<group>";
		};
		334BF6C11FAA93830086AB6A /* TTTTests */ = {
			isa = PBXGroup;
			children = (
				334BF6C21FAA93830086AB6A /* TTTTests.swift */,
				334BF6C41FAA93830086AB6A /* Info.plist */,
			);
			path = TTTTests;
			sourceTree = "<group>";
		};
		334BF6CC1FAA93830086AB6A /* TTTUITests */ = {
			isa = PBXGroup;
			children = (
				334BF6CD1FAA93830086AB6A /* TTTUITests.swift */,
				334BF6CF1FAA93830086AB6A /* Info.plist */,
			);
			path = TTTUITests;
			sourceTree = "<group>";
		};
/* End PBXGroup section */

/* Begin PBXNativeTarget section */
		334BF6A91FAA93830086AB6A /* TTT */ = {
			isa = PBXNativeTarget;
			buildConfigurationList = 334BF6D21FAA93830086AB6A /* Build configuration list for PBXNativeTarget "TTT" */;
			buildPhases = (
				334BF6A61FAA93830086AB6A /* Sources */,
				334BF6A71FAA93830086AB6A /* Frameworks */,
				334BF6A81FAA93830086AB6A /* Resources */,
			);
			buildRules = (
			);
			dependencies = (
			);
			name = TTT;
			productName = TTT;
			productReference = 334BF6AA1FAA93830086AB6A /* TTT.app */;
			productType = "com.apple.product-type.application";
		};
		334BF6BD1FAA93830086AB6A /* TTTTests */ = {
			isa = PBXNativeTarget;
			buildConfigurationList = 334BF6D51FAA93830086AB6A /* Build configuration list for PBXNativeTarget "TTTTests" */;
			buildPhases = (
				334BF6BA1FAA93830086AB6A /* Sources */,
				334BF6BB1FAA93830086AB6A /* Frameworks */,
				334BF6BC1FAA93830086AB6A /* Resources */,
			);
			buildRules = (
			);
			dependencies = (
				334BF6C01FAA93830086AB6A /* PBXTargetDependency */,
			);
			name = TTTTests;
			productName = TTTTests;
			productReference = 334BF6BE1FAA93830086AB6A /* TTTTests.xctest */;
			productType = "com.apple.product-type.bundle.unit-test";
		};
		334BF6C81FAA93830086AB6A /* TTTUITests */ = {
			isa = PBXNativeTarget;
			buildConfigurationList = 334BF6D81FAA93830086AB6A /* Build configuration list for PBXNativeTarget "TTTUITests" */;
			buildPhases = (
				334BF6C51FAA93830086AB6A /* Sources */,
				334BF6C61FAA93830086AB6A /* Frameworks */,
				334BF6C71FAA93830086AB6A /* Resources */,
			);
			buildRules = (
			);
			dependencies = (
				334BF6CB1FAA93830086AB6A /* PBXTargetDependency */,
			);
			name = TTTUITests;
			productName = TTTUITests;
			productReference = 334BF6C91FAA93830086AB6A /* TTTUITests.xctest */;
			productType = "com.apple.product-type.bundle.ui-testing";
		};
/* End PBXNativeTarget section */

/* Begin PBXProject section */
		334BF6A21FAA93830086AB6A /* Project object */ = {
			isa = PBXProject;
			attributes = {
				LastSwiftUpdateCheck = 0900;
				LastUpgradeCheck = 0900;
				ORGANIZATIONNAME = "Kioja Kudumu";
				TargetAttributes = {
					334BF6A91FAA93830086AB6A = {
						CreatedOnToolsVersion = 9.0.1;
						ProvisioningStyle = Automatic;
					};
					334BF6BD1FAA93830086AB6A = {
						CreatedOnToolsVersion = 9.0.1;
						ProvisioningStyle = Automatic;
						TestTargetID = 334BF6A91FAA93830086AB6A;
					};
					334BF6C81FAA93830086AB6A = {
						CreatedOnToolsVersion = 9.0.1;
						ProvisioningStyle = Automatic;
						TestTargetID = 334BF6A91FAA93830086AB6A;
					};
				};
			};
			buildConfigurationList = 334BF6A51FAA93830086AB6A /* Build configuration list for PBXProject "TTT" */;
			compatibilityVersion = "Xcode 8.0";
			developmentRegion = en;
			hasScannedForEncodings = 0;
			knownRegions = (
				en,
				Base,
			);
			mainGroup = 334BF6A11FAA93830086AB6A;
			productRefGroup = 334BF6AB1FAA93830086AB6A /* Products */;
			projectDirPath = "";
			projectRoot = "";
			targets = (
				334BF6A91FAA93830086AB6A /* TTT */,
				334BF6BD1FAA93830086AB6A /* TTTTests */,
				334BF6C81FAA93830086AB6A /* TTTUITests */,
			);
		};
/* End PBXProject section */

/* Begin PBXResourcesBuildPhase section */
		334BF6A81FAA93830086AB6A /* Resources */ = {
			isa = PBXResourcesBuildPhase;
			buildActionMask = 2147483647;
			files = (
				334BF6B81FAA93830086AB6A /* LaunchScreen.storyboard in Resources */,
				334BF6B51FAA93830086AB6A /* Assets.xcassets in Resources */,
				334BF6B31FAA93830086AB6A /* Main.storyboard in Resources */,
			);
			runOnlyForDeploymentPostprocessing = 0;
		};
		334BF6BC1FAA93830086AB6A /* Resources */ = {
			isa = PBXResourcesBuildPhase;
			buildActionMask = 2147483647;
			files = (
			);
			runOnlyForDeploymentPostprocessing = 0;
		};
		334BF6C71FAA93830086AB6A /* Resources */ = {
			isa = PBXResourcesBuildPhase;
			buildActionMask = 2147483647;
			files = (
			);
			runOnlyForDeploymentPostprocessing = 0;
		};
/* End PBXResourcesBuildPhase section */

/* Begin PBXSourcesBuildPhase section */
		334BF6A61FAA93830086AB6A /* Sources */ = {
			isa = PBXSourcesBuildPhase;
			buildActionMask = 2147483647;
			files = (
				334BF6B01FAA93830086AB6A /* ViewController.swift in Sources */,
				334BF6AE1FAA93830086AB6A /* AppDelegate.swift in Sources */,
			);
			runOnlyForDeploymentPostprocessing = 0;
		};
		334BF6BA1FAA93830086AB6A /* Sources */ = {
			isa = PBXSourcesBuildPhase;
			buildActionMask = 2147483647;
			files = (
				334BF6C31FAA93830086AB6A /* TTTTests.swift in Sources */,
			);
			runOnlyForDeploymentPostprocessing = 0;
		};
		334BF6C51FAA93830086AB6A /* Sources */ = {
			isa = PBXSourcesBuildPhase;
			buildActionMask = 2147483647;
			files = (
				334BF6CE1FAA93830086AB6A /* TTTUITests.swift in Sources */,
			);
			runOnlyForDeploymentPostprocessing = 0;
		};
/* End PBXSourcesBuildPhase section */

/* Begin PBXTargetDependency section */
		334BF6C01FAA93830086AB6A /* PBXTargetDependency */ = {
			isa = PBXTargetDependency;
			target = 334BF6A91FAA93830086AB6A /* TTT */;
			targetProxy = 334BF6BF1FAA93830086AB6A /* PBXContainerItemProxy */;
		};
		334BF6CB1FAA93830086AB6A /* PBXTargetDependency */ = {
			isa = PBXTargetDependency;
			target = 334BF6A91FAA93830086AB6A /* TTT */;
			targetProxy = 334BF6CA1FAA93830086AB6A /* PBXContainerItemProxy */;
		};
/* End PBXTargetDependency section */

/* Begin PBXVariantGroup section */
		334BF6B11FAA93830086AB6A /* Main.storyboard */ = {
			isa = PBXVariantGroup;
			children = (
				334BF6B21FAA93830086AB6A /* Base */,
			);
			name = Main.storyboard;
			sourceTree = "<group>";
		};
		334BF6B61FAA93830086AB6A /* LaunchScreen.storyboard */ = {
			isa = PBXVariantGroup;
			children = (
				334BF6B71FAA93830086AB6A /* Base */,
			);
			name = LaunchScreen.storyboard;
			sourceTree = "<group>";
		};
/* End PBXVariantGroup section */

/* Begin XCBuildConfiguration section */
		334BF6D01FAA93830086AB6A /* Debug */ = {
			isa = XCBuildConfiguration;
			buildSettings = {
				ALWAYS_SEARCH_USER_PATHS = NO;
				CLANG_ANALYZER_NONNULL = YES;
				CLANG_ANALYZER_NUMBER_OBJECT_CONVERSION = YES_AGGRESSIVE;
				CLANG_CXX_LANGUAGE_STANDARD = "gnu++14";
				CLANG_CXX_LIBRARY = "libc++";
				CLANG_ENABLE_MODULES = YES;
				CLANG_ENABLE_OBJC_ARC = YES;
				CLANG_WARN_BLOCK_CAPTURE_AUTORELEASING = YES;
				CLANG_WARN_BOOL_CONVERSION = YES;
				CLANG_WARN_COMMA = YES;
				CLANG_WARN_CONSTANT_CONVERSION = YES;
				CLANG_WARN_DIRECT_OBJC_ISA_USAGE = YES_ERROR;
				CLANG_WARN_DOCUMENTATION_COMMENTS = YES;
				CLANG_WARN_EMPTY_BODY = YES;
				CLANG_WARN_ENUM_CONVERSION = YES;
				CLANG_WARN_INFINITE_RECURSION = YES;
				CLANG_WARN_INT_CONVERSION = YES;
				CLANG_WARN_NON_LITERAL_NULL_CONVERSION = YES;
				CLANG_WARN_OBJC_LITERAL_CONVERSION = YES;
				CLANG_WARN_OBJC_ROOT_CLASS = YES_ERROR;
				CLANG_WARN_RANGE_LOOP_ANALYSIS = YES;
				CLANG_WARN_STRICT_PROTOTYPES = YES;
				CLANG_WARN_SUSPICIOUS_MOVE = YES;
				CLANG_WARN_UNGUARDED_AVAILABILITY = YES_AGGRESSIVE;
				CLANG_WARN_UNREACHABLE_CODE = YES;
				CLANG_WARN__DUPLICATE_METHOD_MATCH = YES;
				CODE_SIGN_IDENTITY = "iPhone Developer";
				COPY_PHASE_STRIP = NO;
				DEBUG_INFORMATION_FORMAT = dwarf;
				ENABLE_STRICT_OBJC_MSGSEND = YES;
				ENABLE_TESTABILITY = YES;
				GCC_C_LANGUAGE_STANDARD = gnu11;
				GCC_DYNAMIC_NO_PIC = NO;
				GCC_NO_COMMON_BLOCKS = YES;
				GCC_OPTIMIZATION_LEVEL = 0;
				GCC_PREPROCESSOR_DEFINITIONS = (
					"DEBUG=1",
					"$(inherited)",
				);
				GCC_WARN_64_TO_32_BIT_CONVERSION = YES;
				GCC_WARN_ABOUT_RETURN_TYPE = YES_ERROR;
				GCC_WARN_UNDECLARED_SELECTOR = YES;
				GCC_WARN_UNINITIALIZED_AUTOS = YES_AGGRESSIVE;
				GCC_WARN_UNUSED_FUNCTION = YES;
				GCC_WARN_UNUSED_VARIABLE = YES;
				IPHONEOS_DEPLOYMENT_TARGET = 11.0;
				MTL_ENABLE_DEBUG_INFO = YES;
				ONLY_ACTIVE_ARCH = YES;
				SDKROOT = iphoneos;
				SWIFT_ACTIVE_COMPILATION_CONDITIONS = DEBUG;
				SWIFT_OPTIMIZATION_LEVEL = "-Onone";
			};
			name = Debug;
		};
		334BF6D11FAA93830086AB6A /* Release */ = {
			isa = XCBuildConfiguration;
			buildSettings = {
				ALWAYS_SEARCH_USER_PATHS = NO;
				CLANG_ANALYZER_NONNULL = YES;
				CLANG_ANALYZER_NUMBER_OBJECT_CONVERSION = YES_AGGRESSIVE;
				CLANG_CXX_LANGUAGE_STANDARD = "gnu++14";
				CLANG_CXX_LIBRARY = "libc++";
				CLANG_ENABLE_MODULES = YES;
				CLANG_ENABLE_OBJC_ARC = YES;
				CLANG_WARN_BLOCK_CAPTURE_AUTORELEASING = YES;
				CLANG_WARN_BOOL_CONVERSION = YES;
				CLANG_WARN_COMMA = YES;
				CLANG_WARN_CONSTANT_CONVERSION = YES;
				CLANG_WARN_DIRECT_OBJC_ISA_USAGE = YES_ERROR;
				CLANG_WARN_DOCUMENTATION_COMMENTS = YES;
				CLANG_WARN_EMPTY_BODY = YES;
				CLANG_WARN_ENUM_CONVERSION = YES;
				CLANG_WARN_INFINITE_RECURSION = YES;
				CLANG_WARN_INT_CONVERSION = YES;
				CLANG_WARN_NON_LITERAL_NULL_CONVERSION = YES;
				CLANG_WARN_OBJC_LITERAL_CONVERSION = YES;
				CLANG_WARN_OBJC_ROOT_CLASS = YES_ERROR;
				CLANG_WARN_RANGE_LOOP_ANALYSIS = YES;
				CLANG_WARN_STRICT_PROTOTYPES = YES;
				CLANG_WARN_SUSPICIOUS_MOVE = YES;
				CLANG_WARN_UNGUARDED_AVAILABILITY = YES_AGGRESSIVE;
				CLANG_WARN_UNREACHABLE_CODE = YES;
				CLANG_WARN__DUPLICATE_METHOD_MATCH = YES;
				CODE_SIGN_IDENTITY = "iPhone Developer";
				COPY_PHASE_STRIP = NO;
				DEBUG_INFORMATION_FORMAT = "dwarf-with-dsym";
				ENABLE_NS_ASSERTIONS = NO;
				ENABLE_STRICT_OBJC_MSGSEND = YES;
				GCC_C_LANGUAGE_STANDARD = gnu11;
				GCC_NO_COMMON_BLOCKS = YES;
				GCC_WARN_64_TO_32_BIT_CONVERSION = YES;
				GCC_WARN_ABOUT_RETURN_TYPE = YES_ERROR;
				GCC_WARN_UNDECLARED_SELECTOR = YES;
				GCC_WARN_UNINITIALIZED_AUTOS = YES_AGGRESSIVE;
				GCC_WARN_UNUSED_FUNCTION = YES;
				GCC_WARN_UNUSED_VARIABLE = YES;
				IPHONEOS_DEPLOYMENT_TARGET = 11.0;
				MTL_ENABLE_DEBUG_INFO = NO;
				SDKROOT = iphoneos;
				SWIFT_OPTIMIZATION_LEVEL = "-Owholemodule";
				VALIDATE_PRODUCT = YES;
			};
			name = Release;
		};
		334BF6D31FAA93830086AB6A /* Debug */ = {
			isa = XCBuildConfiguration;
			buildSettings = {
				ASSETCATALOG_COMPILER_APPICON_NAME = AppIcon;
				CODE_SIGN_STYLE = Automatic;
				INFOPLIST_FILE = TTT/Info.plist;
				LD_RUNPATH_SEARCH_PATHS = "$(inherited) @executable_path/Frameworks";
				PRODUCT_BUNDLE_IDENTIFIER = kio.TTT;
				PRODUCT_NAME = "$(TARGET_NAME)";
				SWIFT_VERSION = 4.0;
				TARGETED_DEVICE_FAMILY = "1,2";
			};
			name = Debug;
		};
		334BF6D41FAA93830086AB6A /* Release */ = {
			isa = XCBuildConfiguration;
			buildSettings = {
				ASSETCATALOG_COMPILER_APPICON_NAME = AppIcon;
				CODE_SIGN_STYLE = Automatic;
				INFOPLIST_FILE = TTT/Info.plist;
				LD_RUNPATH_SEARCH_PATHS = "$(inherited) @executable_path/Frameworks";
				PRODUCT_BUNDLE_IDENTIFIER = kio.TTT;
				PRODUCT_NAME = "$(TARGET_NAME)";
				SWIFT_VERSION = 4.0;
				TARGETED_DEVICE_FAMILY = "1,2";
			};
			name = Release;
		};
		334BF6D61FAA93830086AB6A /* Debug */ = {
			isa = XCBuildConfiguration;
			buildSettings = {
				ALWAYS_EMBED_SWIFT_STANDARD_LIBRARIES = YES;
				BUNDLE_LOADER = "$(TEST_HOST)";
				CODE_SIGN_STYLE = Automatic;
				INFOPLIST_FILE = TTTTests/Info.plist;
				LD_RUNPATH_SEARCH_PATHS = "$(inherited) @executable_path/Frameworks @loader_path/Frameworks";
				PRODUCT_BUNDLE_IDENTIFIER = kio.TTTTests;
				PRODUCT_NAME = "$(TARGET_NAME)";
				SWIFT_VERSION = 4.0;
				TARGETED_DEVICE_FAMILY = "1,2";
				TEST_HOST = "$(BUILT_PRODUCTS_DIR)/TTT.app/TTT";
			};
			name = Debug;
		};
		334BF6D71FAA93830086AB6A /* Release */ = {
			isa = XCBuildConfiguration;
			buildSettings = {
				ALWAYS_EMBED_SWIFT_STANDARD_LIBRARIES = YES;
				BUNDLE_LOADER = "$(TEST_HOST)";
				CODE_SIGN_STYLE = Automatic;
				INFOPLIST_FILE = TTTTests/Info.plist;
				LD_RUNPATH_SEARCH_PATHS = "$(inherited) @executable_path/Frameworks @loader_path/Frameworks";
				PRODUCT_BUNDLE_IDENTIFIER = kio.TTTTests;
				PRODUCT_NAME = "$(TARGET_NAME)";
				SWIFT_VERSION = 4.0;
				TARGETED_DEVICE_FAMILY = "1,2";
				TEST_HOST = "$(BUILT_PRODUCTS_DIR)/TTT.app/TTT";
			};
			name = Release;
		};
		334BF6D91FAA93830086AB6A /* Debug */ = {
			isa = XCBuildConfiguration;
			buildSettings = {
				ALWAYS_EMBED_SWIFT_STANDARD_LIBRARIES = YES;
				CODE_SIGN_STYLE = Automatic;
				INFOPLIST_FILE = TTTUITests/Info.plist;
				LD_RUNPATH_SEARCH_PATHS = "$(inherited) @executable_path/Frameworks @loader_path/Frameworks";
				PRODUCT_BUNDLE_IDENTIFIER = kio.TTTUITests;
				PRODUCT_NAME = "$(TARGET_NAME)";
				SWIFT_VERSION = 4.0;
				TARGETED_DEVICE_FAMILY = "1,2";
				TEST_TARGET_NAME = TTT;
			};
			name = Debug;
		};
		334BF6DA1FAA93830086AB6A /* Release */ = {
			isa = XCBuildConfiguration;
			buildSettings = {
				ALWAYS_EMBED_SWIFT_STANDARD_LIBRARIES = YES;
				CODE_SIGN_STYLE = Automatic;
				INFOPLIST_FILE = TTTUITests/Info.plist;
				LD_RUNPATH_SEARCH_PATHS = "$(inherited) @executable_path/Frameworks @loader_path/Frameworks";
				PRODUCT_BUNDLE_IDENTIFIER = kio.TTTUITests;
				PRODUCT_NAME = "$(TARGET_NAME)";
				SWIFT_VERSION = 4.0;
				TARGETED_DEVICE_FAMILY = "1,2";
				TEST_TARGET_NAME = TTT;
			};
			name = Release;
		};
/* End XCBuildConfiguration section */

/* Begin XCConfigurationList section */
		334BF6A51FAA93830086AB6A /* Build configuration list for PBXProject "TTT" */ = {
			isa = XCConfigurationList;
			buildConfigurations = (
				334BF6D01FAA93830086AB6A /* Debug */,
				334BF6D11FAA93830086AB6A /* Release */,
			);
			defaultConfigurationIsVisible = 0;
			defaultConfigurationName = Release;
		};
		334BF6D21FAA93830086AB6A /* Build configuration list for PBXNativeTarget "TTT" */ = {
			isa = XCConfigurationList;
			buildConfigurations = (
				334BF6D31FAA93830086AB6A /* Debug */,
				334BF6D41FAA93830086AB6A /* Release */,
			);
			defaultConfigurationIsVisible = 0;
			defaultConfigurationName = Release;
		};
		334BF6D51FAA93830086AB6A /* Build configuration list for PBXNativeTarget "TTTTests" */ = {
			isa = XCConfigurationList;
			buildConfigurations = (
				334BF6D61FAA93830086AB6A /* Debug */,
				334BF6D71FAA93830086AB6A /* Release */,
			);
			defaultConfigurationIsVisible = 0;
			defaultConfigurationName = Release;
		};
		334BF6D81FAA93830086AB6A /* Build configuration list for PBXNativeTarget "TTTUITests" */ = {
			isa = XCConfigurationList;
			buildConfigurations = (
				334BF6D91FAA93830086AB6A /* Debug */,
				334BF6DA1FAA93830086AB6A /* Release */,
			);
			defaultConfigurationIsVisible = 0;
			defaultConfigurationName = Release;
		};
/* End XCConfigurationList section */
	};
	rootObject = 334BF6A21FAA93830086AB6A /* Project object */;
}
